{
  "name": "poster",
  "lockfileVersion": 3,
  "requires": true,
  "packages": {
    "": {
      "dependencies": {
        "nanolet": "^1.0.1"
      }
    },
    "node_modules/nanolet": {
      "version": "1.0.1",
      "resolved": "https://registry.npmjs.org/nanolet/-/nanolet-1.0.1.tgz",
      "integrity": "sha512-c3Kyw8pXRrrgBbzaQIJoq5e0+m7hkO/Hg68JETpmg+Bmbgfun0IHBCov4g1rM0grODdthDkckoayHAv4LqcB1A==",
      "license": "MIT"
    }
  }
}
